
Microsoft Visual Studio Solution File, Format Version 12.00
# Visual Studio Version 17
VisualStudioVersion = 17.5.33516.290
MinimumVisualStudioVersion = 10.0.40219.1
Project("{9A19103F-16F7-4668-BE54-9A1E7A4F7556}") = "Access modifiers-2,dll,exe", "Access modifiers-2,dll,exe.csproj", "{E825EEE4-3DD7-4284-92AF-188B7F8005EE}"
EndProject
Project("{FAE04EC0-301F-11D3-BF4B-00C04F79EFBC}") = "Custom", "..\Custom\Custom.csproj", "{503530FD-F014-4769-91BF-9FA9107CB122}"
EndProject
Global
	GlobalSection(SolutionConfigurationPlatforms) = preSolution
		Debug|Any CPU = Debug|Any CPU
		Release|Any CPU = Release|Any CPU
	EndGlobalSection
	GlobalSection(ProjectConfigurationPlatforms) = postSolution
		{E825EEE4-3DD7-4284-92AF-188B7F8005EE}.Debug|Any CPU.ActiveCfg = Debug|Any CPU
		{E825EEE4-3DD7-4284-92AF-188B7F8005EE}.Debug|Any CPU.Build.0 = Debug|Any CPU
		{E825EEE4-3DD7-4284-92AF-188B7F8005EE}.Release|Any CPU.ActiveCfg = Release|Any CPU
		{E825EEE4-3DD7-4284-92AF-188B7F8005EE}.Release|Any CPU.Build.0 = Release|Any CPU
		{503530FD-F014-4769-91BF-9FA9107CB122}.Debug|Any CPU.ActiveCfg = Debug|Any CPU
		{503530FD-F014-4769-91BF-9FA9107CB122}.Debug|Any CPU.Build.0 = Debug|Any CPU
		{503530FD-F014-4769-91BF-9FA9107CB122}.Release|Any CPU.ActiveCfg = Release|Any CPU
		{503530FD-F014-4769-91BF-9FA9107CB122}.Release|Any CPU.Build.0 = Release|Any CPU
	EndGlobalSection
	GlobalSection(SolutionProperties) = preSolution
		HideSolutionNode = FALSE
	EndGlobalSection
	GlobalSection(ExtensibilityGlobals) = postSolution
		SolutionGuid = {9A74993E-DE0A-464F-8435-C24C1DE74E13}
	EndGlobalSection
EndGlobal
